
Microsoft Visual Studio Solution File, Format Version 12.00
# Visual Studio Version 17
VisualStudioVersion = 17.0.0.0
Project("{00D1A9C2-B5F0-4AF3-8072-F6C62B433612}") = "MathStorm.Database", "MathStorm.Database.sqlproj", "{4a7f3e01-9c2d-4b5e-8f6a-2d3e4f5a6b7c}"
EndProject
Global
	GlobalSection(SolutionConfigurationPlatforms) = preSolution
		Debug|Any CPU = Debug|Any CPU
		Release|Any CPU = Release|Any CPU
	EndGlobalSection
	GlobalSection(ProjectConfigurationPlatforms) = postSolution
		{4a7f3e01-9c2d-4b5e-8f6a-2d3e4f5a6b7c}.Debug|Any CPU.ActiveCfg = Debug|Any CPU
		{4a7f3e01-9c2d-4b5e-8f6a-2d3e4f5a6b7c}.Debug|Any CPU.Build.0 = Debug|Any CPU
		{4a7f3e01-9c2d-4b5e-8f6a-2d3e4f5a6b7c}.Release|Any CPU.ActiveCfg = Release|Any CPU
		{4a7f3e01-9c2d-4b5e-8f6a-2d3e4f5a6b7c}.Release|Any CPU.Build.0 = Release|Any CPU
	EndGlobalSection
EndGlobal
