Microsoft Visual Studio Solution File, Format Version 12.00
# Visual Studio Version 18
VisualStudioVersion = 18.3.11222.16 d18.3
MinimumVisualStudioVersion = 10.0.40219.1
Project("{9A19103F-16F7-4668-BE54-9A1E7A4F7556}") = "MathStorm.Console", "MathStorm.Console\MathStorm.Console.csproj", "{B3E2F2A8-5F3A-4D2C-9A7E-1B4C2D3F4E5F}"
EndProject
Project("{9A19103F-16F7-4668-BE54-9A1E7A4F7556}") = "MathStorm.Core", "..\Core\MathStorm.Core.csproj", "{1A3BBC56-FB90-4E97-93AB-831690D5EAFF}"
EndProject
Global
	GlobalSection(SolutionConfigurationPlatforms) = preSolution
		Debug|Any CPU = Debug|Any CPU
		Release|Any CPU = Release|Any CPU
	EndGlobalSection
	GlobalSection(ProjectConfigurationPlatforms) = postSolution
		{B3E2F2A8-5F3A-4D2C-9A7E-1B4C2D3F4E5F}.Debug|Any CPU.ActiveCfg = Debug|Any CPU
		{B3E2F2A8-5F3A-4D2C-9A7E-1B4C2D3F4E5F}.Debug|Any CPU.Build.0 = Debug|Any CPU
		{B3E2F2A8-5F3A-4D2C-9A7E-1B4C2D3F4E5F}.Release|Any CPU.ActiveCfg = Release|Any CPU
		{B3E2F2A8-5F3A-4D2C-9A7E-1B4C2D3F4E5F}.Release|Any CPU.Build.0 = Release|Any CPU
		{1A3BBC56-FB90-4E97-93AB-831690D5EAFF}.Debug|Any CPU.ActiveCfg = Debug|Any CPU
		{1A3BBC56-FB90-4E97-93AB-831690D5EAFF}.Debug|Any CPU.Build.0 = Debug|Any CPU
		{1A3BBC56-FB90-4E97-93AB-831690D5EAFF}.Release|Any CPU.ActiveCfg = Release|Any CPU
		{1A3BBC56-FB90-4E97-93AB-831690D5EAFF}.Release|Any CPU.Build.0 = Release|Any CPU
	EndGlobalSection
	GlobalSection(SolutionProperties) = preSolution
		HideSolutionNode = FALSE
	EndGlobalSection
	GlobalSection(ExtensibilityGlobals) = postSolution
		SolutionGuid = {F6A7B8C9-D0E1-F2A3-B4C5-D6E7F8A9B0C1}
	EndGlobalSection
EndGlobal
